// !$*UTF8*$!
{
	archiveVersion = 1;
	classes = {
	};
	objectVersion = 50;
	objects = {

/* Begin PBXBuildFile section */
		10A63C86225E4CB300BEA745 /* AppDelegate.swift in Sources */ = {isa = PBXBuildFile; fileRef = 10A63C85225E4CB300BEA745 /* AppDelegate.swift */; };
		10A63C88225E4CB300BEA745 /* ViewController.swift in Sources */ = {isa = PBXBuildFile; fileRef = 10A63C87225E4CB300BEA745 /* ViewController.swift */; };
		10A63C8B225E4CB300BEA745 /* Main.storyboard in Resources */ = {isa = PBXBuildFile; fileRef = 10A63C89225E4CB300BEA745 /* Main.storyboard */; };
		10A63C8D225E4CB400BEA745 /* Assets.xcassets in Resources */ = {isa = PBXBuildFile; fileRef = 10A63C8C225E4CB400BEA745 /* Assets.xcassets */; };
		10A63C90225E4CB400BEA745 /* LaunchScreen.storyboard in Resources */ = {isa = PBXBuildFile; fileRef = 10A63C8E225E4CB400BEA745 /* LaunchScreen.storyboard */; };
		10A63C9B225E4CB400BEA745 /* PhotoAlbumTests.swift in Sources */ = {isa = PBXBuildFile; fileRef = 10A63C9A225E4CB400BEA745 /* PhotoAlbumTests.swift */; };
/* End PBXBuildFile section */

/* Begin PBXContainerItemProxy section */
		10A63C97225E4CB400BEA745 /* PBXContainerItemProxy */ = {
			isa = PBXContainerItemProxy;
			containerPortal = 10A63C7A225E4CB300BEA745 /* Project object */;
			proxyType = 1;
			remoteGlobalIDString = 10A63C81225E4CB300BEA745;
			remoteInfo = PhotoAlbum;
		};
/* End PBXContainerItemProxy section */

/* Begin PBXFileReference section */
		10A63C82225E4CB300BEA745 /* PhotoAlbum.app */ = {isa = PBXFileReference; explicitFileType = wrapper.application; includeInIndex = 0; path = PhotoAlbum.app; sourceTree = BUILT_PRODUCTS_DIR; };
		10A63C85225E4CB300BEA745 /* AppDelegate.swift */ = {isa = PBXFileReference; lastKnownFileType = sourcecode.swift; path = AppDelegate.swift; sourceTree = "<group>"; };
		10A63C87225E4CB300BEA745 /* ViewController.swift */ = {isa = PBXFileReference; lastKnownFileType = sourcecode.swift; path = ViewController.swift; sourceTree = "<group>"; };
		10A63C8A225E4CB300BEA745 /* Base */ = {isa = PBXFileReference; lastKnownFileType = file.storyboard; name = Base; path = Base.lproj/Main.storyboard; sourceTree = "<group>"; };
		10A63C8C225E4CB400BEA745 /* Assets.xcassets */ = {isa = PBXFileReference; lastKnownFileType = folder.assetcatalog; path = Assets.xcassets; sourceTree = "<group>"; };
		10A63C8F225E4CB400BEA745 /* Base */ = {isa = PBXFileReference; lastKnownFileType = file.storyboard; name = Base; path = Base.lproj/LaunchScreen.storyboard; sourceTree = "<group>"; };
		10A63C91225E4CB400BEA745 /* Info.plist */ = {isa = PBXFileReference; lastKnownFileType = text.plist.xml; path = Info.plist; sourceTree = "<group>"; };
		10A63C96225E4CB400BEA745 /* PhotoAlbumTests.xctest */ = {isa = PBXFileReference; explicitFileType = wrapper.cfbundle; includeInIndex = 0; path = PhotoAlbumTests.xctest; sourceTree = BUILT_PRODUCTS_DIR; };
		10A63C9A225E4CB400BEA745 /* PhotoAlbumTests.swift */ = {isa = PBXFileReference; lastKnownFileType = sourcecode.swift; path = PhotoAlbumTests.swift; sourceTree = "<group>"; };
		10A63C9C225E4CB400BEA745 /* Info.plist */ = {isa = PBXFileReference; lastKnownFileType = text.plist.xml; path = Info.plist; sourceTree = "<group>"; };
/* End PBXFileReference section */

/* Begin PBXFrameworksBuildPhase section */
		10A63C7F225E4CB300BEA745 /* Frameworks */ = {
			isa = PBXFrameworksBuildPhase;
			buildActionMask = 2147483647;
			files = (
			);
			runOnlyForDeploymentPostprocessing = 0;
		};
		10A63C93225E4CB400BEA745 /* Frameworks */ = {
			isa = PBXFrameworksBuildPhase;
			buildActionMask = 2147483647;
			files = (
			);
			runOnlyForDeploymentPostprocessing = 0;
		};
/* End PBXFrameworksBuildPhase section */

/* Begin PBXGroup section */
		10A63C79225E4CB300BEA745 = {
			isa = PBXGroup;
			children = (
				10A63C84225E4CB300BEA745 /* PhotoAlbum */,
				10A63C99225E4CB400BEA745 /* PhotoAlbumTests */,
				10A63C83225E4CB300BEA745 /* Products */,
			);
			sourceTree = "<group>";
		};
		10A63C83225E4CB300BEA745 /* Products */ = {
			isa = PBXGroup;
			children = (
				10A63C82225E4CB300BEA745 /* PhotoAlbum.app */,
				10A63C96225E4CB400BEA745 /* PhotoAlbumTests.xctest */,
			);
			name = Products;
			sourceTree = "<group>";
		};
		10A63C84225E4CB300BEA745 /* PhotoAlbum */ = {
			isa = PBXGroup;
			children = (
				10A63C85225E4CB300BEA745 /* AppDelegate.swift */,
				10A63C87225E4CB300BEA745 /* ViewController.swift */,
				10A63C89225E4CB300BEA745 /* Main.storyboard */,
				10A63C8C225E4CB400BEA745 /* Assets.xcassets */,
				10A63C8E225E4CB400BEA745 /* LaunchScreen.storyboard */,
				10A63C91225E4CB400BEA745 /* Info.plist */,
			);
			path = PhotoAlbum;
			sourceTree = "<group>";
		};
		10A63C99225E4CB400BEA745 /* PhotoAlbumTests */ = {
			isa = PBXGroup;
			children = (
				10A63C9A225E4CB400BEA745 /* PhotoAlbumTests.swift */,
				10A63C9C225E4CB400BEA745 /* Info.plist */,
			);
			path = PhotoAlbumTests;
			sourceTree = "<group>";
		};
/* End PBXGroup section */

/* Begin PBXNativeTarget section */
		10A63C81225E4CB300BEA745 /* PhotoAlbum */ = {
			isa = PBXNativeTarget;
			buildConfigurationList = 10A63C9F225E4CB400BEA745 /* Build configuration list for PBXNativeTarget "PhotoAlbum" */;
			buildPhases = (
				10A63C7E225E4CB300BEA745 /* Sources */,
				10A63C7F225E4CB300BEA745 /* Frameworks */,
				10A63C80225E4CB300BEA745 /* Resources */,
			);
			buildRules = (
			);
			dependencies = (
			);
			name = PhotoAlbum;
			productName = PhotoAlbum;
			productReference = 10A63C82225E4CB300BEA745 /* PhotoAlbum.app */;
			productType = "com.apple.product-type.application";
		};
		10A63C95225E4CB400BEA745 /* PhotoAlbumTests */ = {
			isa = PBXNativeTarget;
			buildConfigurationList = 10A63CA2225E4CB400BEA745 /* Build configuration list for PBXNativeTarget "PhotoAlbumTests" */;
			buildPhases = (
				10A63C92225E4CB400BEA745 /* Sources */,
				10A63C93225E4CB400BEA745 /* Frameworks */,
				10A63C94225E4CB400BEA745 /* Resources */,
			);
			buildRules = (
			);
			dependencies = (
				10A63C98225E4CB400BEA745 /* PBXTargetDependency */,
			);
			name = PhotoAlbumTests;
			productName = PhotoAlbumTests;
			productReference = 10A63C96225E4CB400BEA745 /* PhotoAlbumTests.xctest */;
			productType = "com.apple.product-type.bundle.unit-test";
		};
/* End PBXNativeTarget section */

/* Begin PBXProject section */
		10A63C7A225E4CB300BEA745 /* Project object */ = {
			isa = PBXProject;
			attributes = {
				LastSwiftUpdateCheck = 1020;
				LastUpgradeCheck = 1020;
				ORGANIZATIONNAME = "Onur Torna";
				TargetAttributes = {
					10A63C81225E4CB300BEA745 = {
						CreatedOnToolsVersion = 10.2;
					};
					10A63C95225E4CB400BEA745 = {
						CreatedOnToolsVersion = 10.2;
						TestTargetID = 10A63C81225E4CB300BEA745;
					};
				};
			};
			buildConfigurationList = 10A63C7D225E4CB300BEA745 /* Build configuration list for PBXProject "PhotoAlbum" */;
			compatibilityVersion = "Xcode 9.3";
			developmentRegion = en;
			hasScannedForEncodings = 0;
			knownRegions = (
				en,
				Base,
			);
			mainGroup = 10A63C79225E4CB300BEA745;
			productRefGroup = 10A63C83225E4CB300BEA745 /* Products */;
			projectDirPath = "";
			projectRoot = "";
			targets = (
				10A63C81225E4CB300BEA745 /* PhotoAlbum */,
				10A63C95225E4CB400BEA745 /* PhotoAlbumTests */,
			);
		};
/* End PBXProject section */

/* Begin PBXResourcesBuildPhase section */
		10A63C80225E4CB300BEA745 /* Resources */ = {
			isa = PBXResourcesBuildPhase;
			buildActionMask = 2147483647;
			files = (
				10A63C90225E4CB400BEA745 /* LaunchScreen.storyboard in Resources */,
				10A63C8D225E4CB400BEA745 /* Assets.xcassets in Resources */,
				10A63C8B225E4CB300BEA745 /* Main.storyboard in Resources */,
			);
			runOnlyForDeploymentPostprocessing = 0;
		};
		10A63C94225E4CB400BEA745 /* Resources */ = {
			isa = PBXResourcesBuildPhase;
			buildActionMask = 2147483647;
			files = (
			);
			runOnlyForDeploymentPostprocessing = 0;
		};
/* End PBXResourcesBuildPhase section */

/* Begin PBXSourcesBuildPhase section */
		10A63C7E225E4CB300BEA745 /* Sources */ = {
			isa = PBXSourcesBuildPhase;
			buildActionMask = 2147483647;
			files = (
				10A63C88225E4CB300BEA745 /* ViewController.swift in Sources */,
				10A63C86225E4CB300BEA745 /* AppDelegate.swift in Sources */,
			);
			runOnlyForDeploymentPostprocessing = 0;
		};
		10A63C92225E4CB400BEA745 /* Sources */ = {
			isa = PBXSourcesBuildPhase;
			buildActionMask = 2147483647;
			files = (
				10A63C9B225E4CB400BEA745 /* PhotoAlbumTests.swift in Sources */,
			);
			runOnlyForDeploymentPostprocessing = 0;
		};
/* End PBXSourcesBuildPhase section */

/* Begin PBXTargetDependency section */
		10A63C98225E4CB400BEA745 /* PBXTargetDependency */ = {
			isa = PBXTargetDependency;
			target = 10A63C81225E4CB300BEA745 /* PhotoAlbum */;
			targetProxy = 10A63C97225E4CB400BEA745 /* PBXContainerItemProxy */;
		};
/* End PBXTargetDependency section */

/* Begin PBXVariantGroup section */
		10A63C89225E4CB300BEA745 /* Main.storyboard */ = {
			isa = PBXVariantGroup;
			children = (
				10A63C8A225E4CB300BEA745 /* Base */,
			);
			name = Main.storyboard;
			sourceTree = "<group>";
		};
		10A63C8E225E4CB400BEA745 /* LaunchScreen.storyboard */ = {
			isa = PBXVariantGroup;
			children = (
				10A63C8F225E4CB400BEA745 /* Base */,
			);
			name = LaunchScreen.storyboard;
			sourceTree = "<group>";
		};
/* End PBXVariantGroup section */

/* Begin XCBuildConfiguration section */
		10A63C9D225E4CB400BEA745 /* Debug */ = {
			isa = XCBuildConfiguration;
			buildSettings = {
				ALWAYS_SEARCH_USER_PATHS = NO;
				CLANG_ANALYZER_NONNULL = YES;
				CLANG_ANALYZER_NUMBER_OBJECT_CONVERSION = YES_AGGRESSIVE;
				CLANG_CXX_LANGUAGE_STANDARD = "gnu++14";
				CLANG_CXX_LIBRARY = "libc++";
				CLANG_ENABLE_MODULES = YES;
				CLANG_ENABLE_OBJC_ARC = YES;
				CLANG_ENABLE_OBJC_WEAK = YES;
				CLANG_WARN_BLOCK_CAPTURE_AUTORELEASING = YES;
				CLANG_WARN_BOOL_CONVERSION = YES;
				CLANG_WARN_COMMA = YES;
				CLANG_WARN_CONSTANT_CONVERSION = YES;
				CLANG_WARN_DEPRECATED_OBJC_IMPLEMENTATIONS = YES;
				CLANG_WARN_DIRECT_OBJC_ISA_USAGE = YES_ERROR;
				CLANG_WARN_DOCUMENTATION_COMMENTS = YES;
				CLANG_WARN_EMPTY_BODY = YES;
				CLANG_WARN_ENUM_CONVERSION = YES;
				CLANG_WARN_INFINITE_RECURSION = YES;
				CLANG_WARN_INT_CONVERSION = YES;
				CLANG_WARN_NON_LITERAL_NULL_CONVERSION = YES;
				CLANG_WARN_OBJC_IMPLICIT_RETAIN_SELF = YES;
				CLANG_WARN_OBJC_LITERAL_CONVERSION = YES;
				CLANG_WARN_OBJC_ROOT_CLASS = YES_ERROR;
				CLANG_WARN_RANGE_LOOP_ANALYSIS = YES;
				CLANG_WARN_STRICT_PROTOTYPES = YES;
				CLANG_WARN_SUSPICIOUS_MOVE = YES;
				CLANG_WARN_UNGUARDED_AVAILABILITY = YES_AGGRESSIVE;
				CLANG_WARN_UNREACHABLE_CODE = YES;
				CLANG_WARN__DUPLICATE_METHOD_MATCH = YES;
				CODE_SIGN_IDENTITY = "iPhone Developer";
				COPY_PHASE_STRIP = NO;
				DEBUG_INFORMATION_FORMAT = dwarf;
				ENABLE_STRICT_OBJC_MSGSEND = YES;
				ENABLE_TESTABILITY = YES;
				GCC_C_LANGUAGE_STANDARD = gnu11;
				GCC_DYNAMIC_NO_PIC = NO;
				GCC_NO_COMMON_BLOCKS = YES;
				GCC_OPTIMIZATION_LEVEL = 0;
				GCC_PREPROCESSOR_DEFINITIONS = (
					"DEBUG=1",
					"$(inherited)",
				);
				GCC_WARN_64_TO_32_BIT_CONVERSION = YES;
				GCC_WARN_ABOUT_RETURN_TYPE = YES_ERROR;
				GCC_WARN_UNDECLARED_SELECTOR = YES;
				GCC_WARN_UNINITIALIZED_AUTOS = YES_AGGRESSIVE;
				GCC_WARN_UNUSED_FUNCTION = YES;
				GCC_WARN_UNUSED_VARIABLE = YES;
				IPHONEOS_DEPLOYMENT_TARGET = 12.2;
				MTL_ENABLE_DEBUG_INFO = INCLUDE_SOURCE;
				MTL_FAST_MATH = YES;
				ONLY_ACTIVE_ARCH = YES;
				SDKROOT = iphoneos;
				SWIFT_ACTIVE_COMPILATION_CONDITIONS = DEBUG;
				SWIFT_OPTIMIZATION_LEVEL = "-Onone";
			};
			name = Debug;
		};
		10A63C9E225E4CB400BEA745 /* Release */ = {
			isa = XCBuildConfiguration;
			buildSettings = {
				ALWAYS_SEARCH_USER_PATHS = NO;
				CLANG_ANALYZER_NONNULL = YES;
				CLANG_ANALYZER_NUMBER_OBJECT_CONVERSION = YES_AGGRESSIVE;
				CLANG_CXX_LANGUAGE_STANDARD = "gnu++14";
				CLANG_CXX_LIBRARY = "libc++";
				CLANG_ENABLE_MODULES = YES;
				CLANG_ENABLE_OBJC_ARC = YES;
				CLANG_ENABLE_OBJC_WEAK = YES;
				CLANG_WARN_BLOCK_CAPTURE_AUTORELEASING = YES;
				CLANG_WARN_BOOL_CONVERSION = YES;
				CLANG_WARN_COMMA = YES;
				CLANG_WARN_CONSTANT_CONVERSION = YES;
				CLANG_WARN_DEPRECATED_OBJC_IMPLEMENTATIONS = YES;
				CLANG_WARN_DIRECT_OBJC_ISA_USAGE = YES_ERROR;
				CLANG_WARN_DOCUMENTATION_COMMENTS = YES;
				CLANG_WARN_EMPTY_BODY = YES;
				CLANG_WARN_ENUM_CONVERSION = YES;
				CLANG_WARN_INFINITE_RECURSION = YES;
				CLANG_WARN_INT_CONVERSION = YES;
				CLANG_WARN_NON_LITERAL_NULL_CONVERSION = YES;
				CLANG_WARN_OBJC_IMPLICIT_RETAIN_SELF = YES;
				CLANG_WARN_OBJC_LITERAL_CONVERSION = YES;
				CLANG_WARN_OBJC_ROOT_CLASS = YES_ERROR;
				CLANG_WARN_RANGE_LOOP_ANALYSIS = YES;
				CLANG_WARN_STRICT_PROTOTYPES = YES;
				CLANG_WARN_SUSPICIOUS_MOVE = YES;
				CLANG_WARN_UNGUARDED_AVAILABILITY = YES_AGGRESSIVE;
				CLANG_WARN_UNREACHABLE_CODE = YES;
				CLANG_WARN__DUPLICATE_METHOD_MATCH = YES;
				CODE_SIGN_IDENTITY = "iPhone Developer";
				COPY_PHASE_STRIP = NO;
				DEBUG_INFORMATION_FORMAT = "dwarf-with-dsym";
				ENABLE_NS_ASSERTIONS = NO;
				ENABLE_STRICT_OBJC_MSGSEND = YES;
				GCC_C_LANGUAGE_STANDARD = gnu11;
				GCC_NO_COMMON_BLOCKS = YES;
				GCC_WARN_64_TO_32_BIT_CONVERSION = YES;
				GCC_WARN_ABOUT_RETURN_TYPE = YES_ERROR;
				GCC_WARN_UNDECLARED_SELECTOR = YES;
				GCC_WARN_UNINITIALIZED_AUTOS = YES_AGGRESSIVE;
				GCC_WARN_UNUSED_FUNCTION = YES;
				GCC_WARN_UNUSED_VARIABLE = YES;
				IPHONEOS_DEPLOYMENT_TARGET = 12.2;
				MTL_ENABLE_DEBUG_INFO = NO;
				MTL_FAST_MATH = YES;
				SDKROOT = iphoneos;
				SWIFT_COMPILATION_MODE = wholemodule;
				SWIFT_OPTIMIZATION_LEVEL = "-O";
				VALIDATE_PRODUCT = YES;
			};
			name = Release;
		};
		10A63CA0225E4CB400BEA745 /* Debug */ = {
			isa = XCBuildConfiguration;
			buildSettings = {
				ASSETCATALOG_COMPILER_APPICON_NAME = AppIcon;
				CODE_SIGN_STYLE = Automatic;
				INFOPLIST_FILE = PhotoAlbum/Info.plist;
				IPHONEOS_DEPLOYMENT_TARGET = 10.0;
				LD_RUNPATH_SEARCH_PATHS = (
					"$(inherited)",
					"@executable_path/Frameworks",
				);
				PRODUCT_BUNDLE_IDENTIFIER = com.torna.photoAlbum;
				PRODUCT_NAME = "$(TARGET_NAME)";
				SWIFT_VERSION = 5.0;
				TARGETED_DEVICE_FAMILY = 1;
			};
			name = Debug;
		};
		10A63CA1225E4CB400BEA745 /* Release */ = {
			isa = XCBuildConfiguration;
			buildSettings = {
				ASSETCATALOG_COMPILER_APPICON_NAME = AppIcon;
				CODE_SIGN_STYLE = Automatic;
				INFOPLIST_FILE = PhotoAlbum/Info.plist;
				IPHONEOS_DEPLOYMENT_TARGET = 10.0;
				LD_RUNPATH_SEARCH_PATHS = (
					"$(inherited)",
					"@executable_path/Frameworks",
				);
				PRODUCT_BUNDLE_IDENTIFIER = com.torna.photoAlbum;
				PRODUCT_NAME = "$(TARGET_NAME)";
				SWIFT_VERSION = 5.0;
				TARGETED_DEVICE_FAMILY = 1;
			};
			name = Release;
		};
		10A63CA3225E4CB400BEA745 /* Debug */ = {
			isa = XCBuildConfiguration;
			buildSettings = {
				ALWAYS_EMBED_SWIFT_STANDARD_LIBRARIES = YES;
				BUNDLE_LOADER = "$(TEST_HOST)";
				CODE_SIGN_STYLE = Automatic;
				INFOPLIST_FILE = PhotoAlbumTests/Info.plist;
				LD_RUNPATH_SEARCH_PATHS = (
					"$(inherited)",
					"@executable_path/Frameworks",
					"@loader_path/Frameworks",
				);
				PRODUCT_BUNDLE_IDENTIFIER = com.torna.photoAlbum.PhotoAlbumTests;
				PRODUCT_NAME = "$(TARGET_NAME)";
				SWIFT_VERSION = 5.0;
				TARGETED_DEVICE_FAMILY = "1,2";
				TEST_HOST = "$(BUILT_PRODUCTS_DIR)/PhotoAlbum.app/PhotoAlbum";
			};
			name = Debug;
		};
		10A63CA4225E4CB400BEA745 /* Release */ = {
			isa = XCBuildConfiguration;
			buildSettings = {
				ALWAYS_EMBED_SWIFT_STANDARD_LIBRARIES = YES;
				BUNDLE_LOADER = "$(TEST_HOST)";
				CODE_SIGN_STYLE = Automatic;
				INFOPLIST_FILE = PhotoAlbumTests/Info.plist;
				LD_RUNPATH_SEARCH_PATHS = (
					"$(inherited)",
					"@executable_path/Frameworks",
					"@loader_path/Frameworks",
				);
				PRODUCT_BUNDLE_IDENTIFIER = com.torna.photoAlbum.PhotoAlbumTests;
				PRODUCT_NAME = "$(TARGET_NAME)";
				SWIFT_VERSION = 5.0;
				TARGETED_DEVICE_FAMILY = "1,2";
				TEST_HOST = "$(BUILT_PRODUCTS_DIR)/PhotoAlbum.app/PhotoAlbum";
			};
			name = Release;
		};
/* End XCBuildConfiguration section */

/* Begin XCConfigurationList section */
		10A63C7D225E4CB300BEA745 /* Build configuration list for PBXProject "PhotoAlbum" */ = {
			isa = XCConfigurationList;
			buildConfigurations = (
				10A63C9D225E4CB400BEA745 /* Debug */,
				10A63C9E225E4CB400BEA745 /* Release */,
			);
			defaultConfigurationIsVisible = 0;
			defaultConfigurationName = Release;
		};
		10A63C9F225E4CB400BEA745 /* Build configuration list for PBXNativeTarget "PhotoAlbum" */ = {
			isa = XCConfigurationList;
			buildConfigurations = (
				10A63CA0225E4CB400BEA745 /* Debug */,
				10A63CA1225E4CB400BEA745 /* Release */,
			);
			defaultConfigurationIsVisible = 0;
			defaultConfigurationName = Release;
		};
		10A63CA2225E4CB400BEA745 /* Build configuration list for PBXNativeTarget "PhotoAlbumTests" */ = {
			isa = XCConfigurationList;
			buildConfigurations = (
				10A63CA3225E4CB400BEA745 /* Debug */,
				10A63CA4225E4CB400BEA745 /* Release */,
			);
			defaultConfigurationIsVisible = 0;
			defaultConfigurationName = Release;
		};
/* End XCConfigurationList section */
	};
	rootObject = 10A63C7A225E4CB300BEA745 /* Project object */;
}
