// !$*UTF8*$!
{
	archiveVersion = 1;
	classes = {
	};
	objectVersion = 50;
	objects = {

/* Begin PBXBuildFile section */
		10A63C86225E4CB300BEA745 /* AppDelegate.swift in Sources */ = {isa = PBXBuildFile; fileRef = 10A63C85225E4CB300BEA745 /* AppDelegate.swift */; };
		10A63C88225E4CB300BEA745 /* UserListViewController.swift in Sources */ = {isa = PBXBuildFile; fileRef = 10A63C87225E4CB300BEA745 /* UserListViewController.swift */; };
		10A63C8B225E4CB300BEA745 /* UserList.storyboard in Resources */ = {isa = PBXBuildFile; fileRef = 10A63C89225E4CB300BEA745 /* UserList.storyboard */; };
		10A63C8D225E4CB400BEA745 /* Assets.xcassets in Resources */ = {isa = PBXBuildFile; fileRef = 10A63C8C225E4CB400BEA745 /* Assets.xcassets */; };
		10A63C90225E4CB400BEA745 /* LaunchScreen.storyboard in Resources */ = {isa = PBXBuildFile; fileRef = 10A63C8E225E4CB400BEA745 /* LaunchScreen.storyboard */; };
		10A63C9B225E4CB400BEA745 /* PhotoAlbumTests.swift in Sources */ = {isa = PBXBuildFile; fileRef = 10A63C9A225E4CB400BEA745 /* PhotoAlbumTests.swift */; };
		10A63CBE225E593B00BEA745 /* ErrorHandler.swift in Sources */ = {isa = PBXBuildFile; fileRef = 10A63CBD225E593B00BEA745 /* ErrorHandler.swift */; };
		10A63CC0225E595C00BEA745 /* Network.swift in Sources */ = {isa = PBXBuildFile; fileRef = 10A63CBF225E595C00BEA745 /* Network.swift */; };
		10A63CC3225E597900BEA745 /* NetworkManager.swift in Sources */ = {isa = PBXBuildFile; fileRef = 10A63CC2225E597900BEA745 /* NetworkManager.swift */; };
		10A63CC5225E59B900BEA745 /* ServiceManager.swift in Sources */ = {isa = PBXBuildFile; fileRef = 10A63CC4225E59B900BEA745 /* ServiceManager.swift */; };
		10A63CC7225E59D100BEA745 /* Response.swift in Sources */ = {isa = PBXBuildFile; fileRef = 10A63CC6225E59D100BEA745 /* Response.swift */; };
		10A63CCD225E5AAB00BEA745 /* APIClient.swift in Sources */ = {isa = PBXBuildFile; fileRef = 10A63CCC225E5AAB00BEA745 /* APIClient.swift */; };
		10A63CCF225E5AE300BEA745 /* APIRouter.swift in Sources */ = {isa = PBXBuildFile; fileRef = 10A63CCE225E5AE300BEA745 /* APIRouter.swift */; };
		10A63CD1225E5C7500BEA745 /* UserListResponse.swift in Sources */ = {isa = PBXBuildFile; fileRef = 10A63CD0225E5C7500BEA745 /* UserListResponse.swift */; };
		E41C1F8F007CA4660E323C86 /* Pods_PhotoAlbum.framework in Frameworks */ = {isa = PBXBuildFile; fileRef = 219E5C37DA3697BB26750DCB /* Pods_PhotoAlbum.framework */; };
/* End PBXBuildFile section */

/* Begin PBXContainerItemProxy section */
		10A63C97225E4CB400BEA745 /* PBXContainerItemProxy */ = {
			isa = PBXContainerItemProxy;
			containerPortal = 10A63C7A225E4CB300BEA745 /* Project object */;
			proxyType = 1;
			remoteGlobalIDString = 10A63C81225E4CB300BEA745;
			remoteInfo = PhotoAlbum;
		};
/* End PBXContainerItemProxy section */

/* Begin PBXFileReference section */
		10A63C82225E4CB300BEA745 /* PhotoAlbum.app */ = {isa = PBXFileReference; explicitFileType = wrapper.application; includeInIndex = 0; path = PhotoAlbum.app; sourceTree = BUILT_PRODUCTS_DIR; };
		10A63C85225E4CB300BEA745 /* AppDelegate.swift */ = {isa = PBXFileReference; lastKnownFileType = sourcecode.swift; path = AppDelegate.swift; sourceTree = "<group>"; };
		10A63C87225E4CB300BEA745 /* UserListViewController.swift */ = {isa = PBXFileReference; lastKnownFileType = sourcecode.swift; path = UserListViewController.swift; sourceTree = "<group>"; };
		10A63C8A225E4CB300BEA745 /* Base */ = {isa = PBXFileReference; lastKnownFileType = file.storyboard; name = Base; path = Base.lproj/UserList.storyboard; sourceTree = "<group>"; };
		10A63C8C225E4CB400BEA745 /* Assets.xcassets */ = {isa = PBXFileReference; lastKnownFileType = folder.assetcatalog; path = Assets.xcassets; sourceTree = "<group>"; };
		10A63C8F225E4CB400BEA745 /* Base */ = {isa = PBXFileReference; lastKnownFileType = file.storyboard; name = Base; path = Base.lproj/LaunchScreen.storyboard; sourceTree = "<group>"; };
		10A63C91225E4CB400BEA745 /* Info.plist */ = {isa = PBXFileReference; lastKnownFileType = text.plist.xml; path = Info.plist; sourceTree = "<group>"; };
		10A63C96225E4CB400BEA745 /* PhotoAlbumTests.xctest */ = {isa = PBXFileReference; explicitFileType = wrapper.cfbundle; includeInIndex = 0; path = PhotoAlbumTests.xctest; sourceTree = BUILT_PRODUCTS_DIR; };
		10A63C9A225E4CB400BEA745 /* PhotoAlbumTests.swift */ = {isa = PBXFileReference; lastKnownFileType = sourcecode.swift; path = PhotoAlbumTests.swift; sourceTree = "<group>"; };
		10A63C9C225E4CB400BEA745 /* Info.plist */ = {isa = PBXFileReference; lastKnownFileType = text.plist.xml; path = Info.plist; sourceTree = "<group>"; };
		10A63CBD225E593B00BEA745 /* ErrorHandler.swift */ = {isa = PBXFileReference; lastKnownFileType = sourcecode.swift; path = ErrorHandler.swift; sourceTree = "<group>"; };
		10A63CBF225E595C00BEA745 /* Network.swift */ = {isa = PBXFileReference; lastKnownFileType = sourcecode.swift; path = Network.swift; sourceTree = "<group>"; };
		10A63CC2225E597900BEA745 /* NetworkManager.swift */ = {isa = PBXFileReference; lastKnownFileType = sourcecode.swift; path = NetworkManager.swift; sourceTree = "<group>"; };
		10A63CC4225E59B900BEA745 /* ServiceManager.swift */ = {isa = PBXFileReference; lastKnownFileType = sourcecode.swift; path = ServiceManager.swift; sourceTree = "<group>"; };
		10A63CC6225E59D100BEA745 /* Response.swift */ = {isa = PBXFileReference; lastKnownFileType = sourcecode.swift; path = Response.swift; sourceTree = "<group>"; };
		10A63CCC225E5AAB00BEA745 /* APIClient.swift */ = {isa = PBXFileReference; lastKnownFileType = sourcecode.swift; path = APIClient.swift; sourceTree = "<group>"; };
		10A63CCE225E5AE300BEA745 /* APIRouter.swift */ = {isa = PBXFileReference; lastKnownFileType = sourcecode.swift; path = APIRouter.swift; sourceTree = "<group>"; };
		10A63CD0225E5C7500BEA745 /* UserListResponse.swift */ = {isa = PBXFileReference; lastKnownFileType = sourcecode.swift; path = UserListResponse.swift; sourceTree = "<group>"; };
		219E5C37DA3697BB26750DCB /* Pods_PhotoAlbum.framework */ = {isa = PBXFileReference; explicitFileType = wrapper.framework; includeInIndex = 0; path = Pods_PhotoAlbum.framework; sourceTree = BUILT_PRODUCTS_DIR; };
		9F3B8A6FE5C62CD13C021FCC /* Pods-PhotoAlbum.debug.xcconfig */ = {isa = PBXFileReference; includeInIndex = 1; lastKnownFileType = text.xcconfig; name = "Pods-PhotoAlbum.debug.xcconfig"; path = "Pods/Target Support Files/Pods-PhotoAlbum/Pods-PhotoAlbum.debug.xcconfig"; sourceTree = "<group>"; };
		C817A98AE9CD9503D8BC845E /* Pods-PhotoAlbum.release.xcconfig */ = {isa = PBXFileReference; includeInIndex = 1; lastKnownFileType = text.xcconfig; name = "Pods-PhotoAlbum.release.xcconfig"; path = "Pods/Target Support Files/Pods-PhotoAlbum/Pods-PhotoAlbum.release.xcconfig"; sourceTree = "<group>"; };
/* End PBXFileReference section */

/* Begin PBXFrameworksBuildPhase section */
		10A63C7F225E4CB300BEA745 /* Frameworks */ = {
			isa = PBXFrameworksBuildPhase;
			buildActionMask = 2147483647;
			files = (
				E41C1F8F007CA4660E323C86 /* Pods_PhotoAlbum.framework in Frameworks */,
			);
			runOnlyForDeploymentPostprocessing = 0;
		};
		10A63C93225E4CB400BEA745 /* Frameworks */ = {
			isa = PBXFrameworksBuildPhase;
			buildActionMask = 2147483647;
			files = (
			);
			runOnlyForDeploymentPostprocessing = 0;
		};
/* End PBXFrameworksBuildPhase section */

/* Begin PBXGroup section */
		10A63C79225E4CB300BEA745 = {
			isa = PBXGroup;
			children = (
				10A63C84225E4CB300BEA745 /* PhotoAlbum */,
				10A63C99225E4CB400BEA745 /* PhotoAlbumTests */,
				10A63C83225E4CB300BEA745 /* Products */,
				1999F7CFAF3B20D6950694CA /* Pods */,
				73B64559043DF538FB27EB40 /* Frameworks */,
			);
			sourceTree = "<group>";
		};
		10A63C83225E4CB300BEA745 /* Products */ = {
			isa = PBXGroup;
			children = (
				10A63C82225E4CB300BEA745 /* PhotoAlbum.app */,
				10A63C96225E4CB400BEA745 /* PhotoAlbumTests.xctest */,
			);
			name = Products;
			sourceTree = "<group>";
		};
		10A63C84225E4CB300BEA745 /* PhotoAlbum */ = {
			isa = PBXGroup;
			children = (
				10A63C85225E4CB300BEA745 /* AppDelegate.swift */,
				10A63C8C225E4CB400BEA745 /* Assets.xcassets */,
				10A63CA5225E50EE00BEA745 /* Extensions */,
				10A63C91225E4CB400BEA745 /* Info.plist */,
				10A63C8E225E4CB400BEA745 /* LaunchScreen.storyboard */,
				10A63CA6225E50F600BEA745 /* Models */,
				10A63CA7225E50FC00BEA745 /* Network */,
				10A63CA8225E510700BEA745 /* Protocols */,
				10A63CA9225E511900BEA745 /* ReusableViews */,
				10A63CAA225E512900BEA745 /* Scenes */,
				10A63CAB225E512D00BEA745 /* Storyboards */,
				10A63CAC225E514300BEA745 /* Styling */,
				10A63CAD225E514700BEA745 /* Utils */,
			);
			path = PhotoAlbum;
			sourceTree = "<group>";
		};
		10A63C99225E4CB400BEA745 /* PhotoAlbumTests */ = {
			isa = PBXGroup;
			children = (
				10A63C9A225E4CB400BEA745 /* PhotoAlbumTests.swift */,
				10A63C9C225E4CB400BEA745 /* Info.plist */,
			);
			path = PhotoAlbumTests;
			sourceTree = "<group>";
		};
		10A63CA5225E50EE00BEA745 /* Extensions */ = {
			isa = PBXGroup;
			children = (
			);
			path = Extensions;
			sourceTree = "<group>";
		};
		10A63CA6225E50F600BEA745 /* Models */ = {
			isa = PBXGroup;
			children = (
			);
			path = Models;
			sourceTree = "<group>";
		};
		10A63CA7225E50FC00BEA745 /* Network */ = {
			isa = PBXGroup;
			children = (
				10A63CC8225E5A8500BEA745 /* Service */,
				10A63CBD225E593B00BEA745 /* ErrorHandler.swift */,
				10A63CBF225E595C00BEA745 /* Network.swift */,
				10A63CC6225E59D100BEA745 /* Response.swift */,
				10A63CC1225E596F00BEA745 /* Managers */,
			);
			path = Network;
			sourceTree = "<group>";
		};
		10A63CA8225E510700BEA745 /* Protocols */ = {
			isa = PBXGroup;
			children = (
			);
			path = Protocols;
			sourceTree = "<group>";
		};
		10A63CA9225E511900BEA745 /* ReusableViews */ = {
			isa = PBXGroup;
			children = (
			);
			path = ReusableViews;
			sourceTree = "<group>";
		};
		10A63CAA225E512900BEA745 /* Scenes */ = {
			isa = PBXGroup;
			children = (
				10A63CAE225E516300BEA745 /* UserList */,
			);
			path = Scenes;
			sourceTree = "<group>";
		};
		10A63CAB225E512D00BEA745 /* Storyboards */ = {
			isa = PBXGroup;
			children = (
				10A63C89225E4CB300BEA745 /* UserList.storyboard */,
			);
			path = Storyboards;
			sourceTree = "<group>";
		};
		10A63CAC225E514300BEA745 /* Styling */ = {
			isa = PBXGroup;
			children = (
			);
			path = Styling;
			sourceTree = "<group>";
		};
		10A63CAD225E514700BEA745 /* Utils */ = {
			isa = PBXGroup;
			children = (
			);
			path = Utils;
			sourceTree = "<group>";
		};
		10A63CAE225E516300BEA745 /* UserList */ = {
			isa = PBXGroup;
			children = (
				10A63C87225E4CB300BEA745 /* UserListViewController.swift */,
			);
			path = UserList;
			sourceTree = "<group>";
		};
		10A63CC1225E596F00BEA745 /* Managers */ = {
			isa = PBXGroup;
			children = (
				10A63CC2225E597900BEA745 /* NetworkManager.swift */,
				10A63CC4225E59B900BEA745 /* ServiceManager.swift */,
			);
			path = Managers;
			sourceTree = "<group>";
		};
		10A63CC8225E5A8500BEA745 /* Service */ = {
			isa = PBXGroup;
			children = (
				10A63CCA225E5A9000BEA745 /* Response */,
				10A63CC9225E5A8C00BEA745 /* Request */,
				10A63CCC225E5AAB00BEA745 /* APIClient.swift */,
				10A63CCE225E5AE300BEA745 /* APIRouter.swift */,
			);
			path = Service;
			sourceTree = "<group>";
		};
		10A63CC9225E5A8C00BEA745 /* Request */ = {
			isa = PBXGroup;
			children = (
			);
			path = Request;
			sourceTree = "<group>";
		};
		10A63CCA225E5A9000BEA745 /* Response */ = {
			isa = PBXGroup;
			children = (
				10A63CD0225E5C7500BEA745 /* UserListResponse.swift */,
			);
			path = Response;
			sourceTree = "<group>";
		};
		1999F7CFAF3B20D6950694CA /* Pods */ = {
			isa = PBXGroup;
			children = (
				9F3B8A6FE5C62CD13C021FCC /* Pods-PhotoAlbum.debug.xcconfig */,
				C817A98AE9CD9503D8BC845E /* Pods-PhotoAlbum.release.xcconfig */,
			);
			name = Pods;
			sourceTree = "<group>";
		};
		73B64559043DF538FB27EB40 /* Frameworks */ = {
			isa = PBXGroup;
			children = (
				219E5C37DA3697BB26750DCB /* Pods_PhotoAlbum.framework */,
			);
			name = Frameworks;
			sourceTree = "<group>";
		};
/* End PBXGroup section */

/* Begin PBXNativeTarget section */
		10A63C81225E4CB300BEA745 /* PhotoAlbum */ = {
			isa = PBXNativeTarget;
			buildConfigurationList = 10A63C9F225E4CB400BEA745 /* Build configuration list for PBXNativeTarget "PhotoAlbum" */;
			buildPhases = (
				554A4996021EC03C3CA1D65D /* [CP] Check Pods Manifest.lock */,
				10A63C7E225E4CB300BEA745 /* Sources */,
				10A63C7F225E4CB300BEA745 /* Frameworks */,
				10A63C80225E4CB300BEA745 /* Resources */,
				038F6803498E05E6F07DC159 /* [CP] Embed Pods Frameworks */,
			);
			buildRules = (
			);
			dependencies = (
			);
			name = PhotoAlbum;
			productName = PhotoAlbum;
			productReference = 10A63C82225E4CB300BEA745 /* PhotoAlbum.app */;
			productType = "com.apple.product-type.application";
		};
		10A63C95225E4CB400BEA745 /* PhotoAlbumTests */ = {
			isa = PBXNativeTarget;
			buildConfigurationList = 10A63CA2225E4CB400BEA745 /* Build configuration list for PBXNativeTarget "PhotoAlbumTests" */;
			buildPhases = (
				10A63C92225E4CB400BEA745 /* Sources */,
				10A63C93225E4CB400BEA745 /* Frameworks */,
				10A63C94225E4CB400BEA745 /* Resources */,
			);
			buildRules = (
			);
			dependencies = (
				10A63C98225E4CB400BEA745 /* PBXTargetDependency */,
			);
			name = PhotoAlbumTests;
			productName = PhotoAlbumTests;
			productReference = 10A63C96225E4CB400BEA745 /* PhotoAlbumTests.xctest */;
			productType = "com.apple.product-type.bundle.unit-test";
		};
/* End PBXNativeTarget section */

/* Begin PBXProject section */
		10A63C7A225E4CB300BEA745 /* Project object */ = {
			isa = PBXProject;
			attributes = {
				LastSwiftUpdateCheck = 1020;
				LastUpgradeCheck = 1020;
				ORGANIZATIONNAME = "Onur Torna";
				TargetAttributes = {
					10A63C81225E4CB300BEA745 = {
						CreatedOnToolsVersion = 10.2;
					};
					10A63C95225E4CB400BEA745 = {
						CreatedOnToolsVersion = 10.2;
						TestTargetID = 10A63C81225E4CB300BEA745;
					};
				};
			};
			buildConfigurationList = 10A63C7D225E4CB300BEA745 /* Build configuration list for PBXProject "PhotoAlbum" */;
			compatibilityVersion = "Xcode 9.3";
			developmentRegion = en;
			hasScannedForEncodings = 0;
			knownRegions = (
				en,
				Base,
			);
			mainGroup = 10A63C79225E4CB300BEA745;
			productRefGroup = 10A63C83225E4CB300BEA745 /* Products */;
			projectDirPath = "";
			projectRoot = "";
			targets = (
				10A63C81225E4CB300BEA745 /* PhotoAlbum */,
				10A63C95225E4CB400BEA745 /* PhotoAlbumTests */,
			);
		};
/* End PBXProject section */

/* Begin PBXResourcesBuildPhase section */
		10A63C80225E4CB300BEA745 /* Resources */ = {
			isa = PBXResourcesBuildPhase;
			buildActionMask = 2147483647;
			files = (
				10A63C90225E4CB400BEA745 /* LaunchScreen.storyboard in Resources */,
				10A63C8D225E4CB400BEA745 /* Assets.xcassets in Resources */,
				10A63C8B225E4CB300BEA745 /* UserList.storyboard in Resources */,
			);
			runOnlyForDeploymentPostprocessing = 0;
		};
		10A63C94225E4CB400BEA745 /* Resources */ = {
			isa = PBXResourcesBuildPhase;
			buildActionMask = 2147483647;
			files = (
			);
			runOnlyForDeploymentPostprocessing = 0;
		};
/* End PBXResourcesBuildPhase section */

/* Begin PBXShellScriptBuildPhase section */
		038F6803498E05E6F07DC159 /* [CP] Embed Pods Frameworks */ = {
			isa = PBXShellScriptBuildPhase;
			buildActionMask = 2147483647;
			files = (
			);
			inputFileListPaths = (
			);
			inputPaths = (
				"${SRCROOT}/Pods/Target Support Files/Pods-PhotoAlbum/Pods-PhotoAlbum-frameworks.sh",
				"${BUILT_PRODUCTS_DIR}/Alamofire/Alamofire.framework",
			);
			name = "[CP] Embed Pods Frameworks";
			outputFileListPaths = (
			);
			outputPaths = (
				"${TARGET_BUILD_DIR}/${FRAMEWORKS_FOLDER_PATH}/Alamofire.framework",
			);
			runOnlyForDeploymentPostprocessing = 0;
			shellPath = /bin/sh;
			shellScript = "\"${SRCROOT}/Pods/Target Support Files/Pods-PhotoAlbum/Pods-PhotoAlbum-frameworks.sh\"\n";
			showEnvVarsInLog = 0;
		};
		554A4996021EC03C3CA1D65D /* [CP] Check Pods Manifest.lock */ = {
			isa = PBXShellScriptBuildPhase;
			buildActionMask = 2147483647;
			files = (
			);
			inputFileListPaths = (
			);
			inputPaths = (
				"${PODS_PODFILE_DIR_PATH}/Podfile.lock",
				"${PODS_ROOT}/Manifest.lock",
			);
			name = "[CP] Check Pods Manifest.lock";
			outputFileListPaths = (
			);
			outputPaths = (
				"$(DERIVED_FILE_DIR)/Pods-PhotoAlbum-checkManifestLockResult.txt",
			);
			runOnlyForDeploymentPostprocessing = 0;
			shellPath = /bin/sh;
			shellScript = "diff \"${PODS_PODFILE_DIR_PATH}/Podfile.lock\" \"${PODS_ROOT}/Manifest.lock\" > /dev/null\nif [ $? != 0 ] ; then\n    # print error to STDERR\n    echo \"error: The sandbox is not in sync with the Podfile.lock. Run 'pod install' or update your CocoaPods installation.\" >&2\n    exit 1\nfi\n# This output is used by Xcode 'outputs' to avoid re-running this script phase.\necho \"SUCCESS\" > \"${SCRIPT_OUTPUT_FILE_0}\"\n";
			showEnvVarsInLog = 0;
		};
/* End PBXShellScriptBuildPhase section */

/* Begin PBXSourcesBuildPhase section */
		10A63C7E225E4CB300BEA745 /* Sources */ = {
			isa = PBXSourcesBuildPhase;
			buildActionMask = 2147483647;
			files = (
				10A63CBE225E593B00BEA745 /* ErrorHandler.swift in Sources */,
				10A63CCF225E5AE300BEA745 /* APIRouter.swift in Sources */,
				10A63C88225E4CB300BEA745 /* UserListViewController.swift in Sources */,
				10A63CC3225E597900BEA745 /* NetworkManager.swift in Sources */,
				10A63CCD225E5AAB00BEA745 /* APIClient.swift in Sources */,
				10A63CD1225E5C7500BEA745 /* UserListResponse.swift in Sources */,
				10A63CC0225E595C00BEA745 /* Network.swift in Sources */,
				10A63C86225E4CB300BEA745 /* AppDelegate.swift in Sources */,
				10A63CC5225E59B900BEA745 /* ServiceManager.swift in Sources */,
				10A63CC7225E59D100BEA745 /* Response.swift in Sources */,
			);
			runOnlyForDeploymentPostprocessing = 0;
		};
		10A63C92225E4CB400BEA745 /* Sources */ = {
			isa = PBXSourcesBuildPhase;
			buildActionMask = 2147483647;
			files = (
				10A63C9B225E4CB400BEA745 /* PhotoAlbumTests.swift in Sources */,
			);
			runOnlyForDeploymentPostprocessing = 0;
		};
/* End PBXSourcesBuildPhase section */

/* Begin PBXTargetDependency section */
		10A63C98225E4CB400BEA745 /* PBXTargetDependency */ = {
			isa = PBXTargetDependency;
			target = 10A63C81225E4CB300BEA745 /* PhotoAlbum */;
			targetProxy = 10A63C97225E4CB400BEA745 /* PBXContainerItemProxy */;
		};
/* End PBXTargetDependency section */

/* Begin PBXVariantGroup section */
		10A63C89225E4CB300BEA745 /* UserList.storyboard */ = {
			isa = PBXVariantGroup;
			children = (
				10A63C8A225E4CB300BEA745 /* Base */,
			);
			name = UserList.storyboard;
			sourceTree = "<group>";
		};
		10A63C8E225E4CB400BEA745 /* LaunchScreen.storyboard */ = {
			isa = PBXVariantGroup;
			children = (
				10A63C8F225E4CB400BEA745 /* Base */,
			);
			name = LaunchScreen.storyboard;
			sourceTree = "<group>";
		};
/* End PBXVariantGroup section */

/* Begin XCBuildConfiguration section */
		10A63C9D225E4CB400BEA745 /* Debug */ = {
			isa = XCBuildConfiguration;
			buildSettings = {
				ALWAYS_SEARCH_USER_PATHS = NO;
				CLANG_ANALYZER_NONNULL = YES;
				CLANG_ANALYZER_NUMBER_OBJECT_CONVERSION = YES_AGGRESSIVE;
				CLANG_CXX_LANGUAGE_STANDARD = "gnu++14";
				CLANG_CXX_LIBRARY = "libc++";
				CLANG_ENABLE_MODULES = YES;
				CLANG_ENABLE_OBJC_ARC = YES;
				CLANG_ENABLE_OBJC_WEAK = YES;
				CLANG_WARN_BLOCK_CAPTURE_AUTORELEASING = YES;
				CLANG_WARN_BOOL_CONVERSION = YES;
				CLANG_WARN_COMMA = YES;
				CLANG_WARN_CONSTANT_CONVERSION = YES;
				CLANG_WARN_DEPRECATED_OBJC_IMPLEMENTATIONS = YES;
				CLANG_WARN_DIRECT_OBJC_ISA_USAGE = YES_ERROR;
				CLANG_WARN_DOCUMENTATION_COMMENTS = YES;
				CLANG_WARN_EMPTY_BODY = YES;
				CLANG_WARN_ENUM_CONVERSION = YES;
				CLANG_WARN_INFINITE_RECURSION = YES;
				CLANG_WARN_INT_CONVERSION = YES;
				CLANG_WARN_NON_LITERAL_NULL_CONVERSION = YES;
				CLANG_WARN_OBJC_IMPLICIT_RETAIN_SELF = YES;
				CLANG_WARN_OBJC_LITERAL_CONVERSION = YES;
				CLANG_WARN_OBJC_ROOT_CLASS = YES_ERROR;
				CLANG_WARN_RANGE_LOOP_ANALYSIS = YES;
				CLANG_WARN_STRICT_PROTOTYPES = YES;
				CLANG_WARN_SUSPICIOUS_MOVE = YES;
				CLANG_WARN_UNGUARDED_AVAILABILITY = YES_AGGRESSIVE;
				CLANG_WARN_UNREACHABLE_CODE = YES;
				CLANG_WARN__DUPLICATE_METHOD_MATCH = YES;
				CODE_SIGN_IDENTITY = "iPhone Developer";
				COPY_PHASE_STRIP = NO;
				DEBUG_INFORMATION_FORMAT = dwarf;
				ENABLE_STRICT_OBJC_MSGSEND = YES;
				ENABLE_TESTABILITY = YES;
				GCC_C_LANGUAGE_STANDARD = gnu11;
				GCC_DYNAMIC_NO_PIC = NO;
				GCC_NO_COMMON_BLOCKS = YES;
				GCC_OPTIMIZATION_LEVEL = 0;
				GCC_PREPROCESSOR_DEFINITIONS = (
					"DEBUG=1",
					"$(inherited)",
				);
				GCC_WARN_64_TO_32_BIT_CONVERSION = YES;
				GCC_WARN_ABOUT_RETURN_TYPE = YES_ERROR;
				GCC_WARN_UNDECLARED_SELECTOR = YES;
				GCC_WARN_UNINITIALIZED_AUTOS = YES_AGGRESSIVE;
				GCC_WARN_UNUSED_FUNCTION = YES;
				GCC_WARN_UNUSED_VARIABLE = YES;
				IPHONEOS_DEPLOYMENT_TARGET = 12.2;
				MTL_ENABLE_DEBUG_INFO = INCLUDE_SOURCE;
				MTL_FAST_MATH = YES;
				ONLY_ACTIVE_ARCH = YES;
				SDKROOT = iphoneos;
				SWIFT_ACTIVE_COMPILATION_CONDITIONS = DEBUG;
				SWIFT_OPTIMIZATION_LEVEL = "-Onone";
			};
			name = Debug;
		};
		10A63C9E225E4CB400BEA745 /* Release */ = {
			isa = XCBuildConfiguration;
			buildSettings = {
				ALWAYS_SEARCH_USER_PATHS = NO;
				CLANG_ANALYZER_NONNULL = YES;
				CLANG_ANALYZER_NUMBER_OBJECT_CONVERSION = YES_AGGRESSIVE;
				CLANG_CXX_LANGUAGE_STANDARD = "gnu++14";
				CLANG_CXX_LIBRARY = "libc++";
				CLANG_ENABLE_MODULES = YES;
				CLANG_ENABLE_OBJC_ARC = YES;
				CLANG_ENABLE_OBJC_WEAK = YES;
				CLANG_WARN_BLOCK_CAPTURE_AUTORELEASING = YES;
				CLANG_WARN_BOOL_CONVERSION = YES;
				CLANG_WARN_COMMA = YES;
				CLANG_WARN_CONSTANT_CONVERSION = YES;
				CLANG_WARN_DEPRECATED_OBJC_IMPLEMENTATIONS = YES;
				CLANG_WARN_DIRECT_OBJC_ISA_USAGE = YES_ERROR;
				CLANG_WARN_DOCUMENTATION_COMMENTS = YES;
				CLANG_WARN_EMPTY_BODY = YES;
				CLANG_WARN_ENUM_CONVERSION = YES;
				CLANG_WARN_INFINITE_RECURSION = YES;
				CLANG_WARN_INT_CONVERSION = YES;
				CLANG_WARN_NON_LITERAL_NULL_CONVERSION = YES;
				CLANG_WARN_OBJC_IMPLICIT_RETAIN_SELF = YES;
				CLANG_WARN_OBJC_LITERAL_CONVERSION = YES;
				CLANG_WARN_OBJC_ROOT_CLASS = YES_ERROR;
				CLANG_WARN_RANGE_LOOP_ANALYSIS = YES;
				CLANG_WARN_STRICT_PROTOTYPES = YES;
				CLANG_WARN_SUSPICIOUS_MOVE = YES;
				CLANG_WARN_UNGUARDED_AVAILABILITY = YES_AGGRESSIVE;
				CLANG_WARN_UNREACHABLE_CODE = YES;
				CLANG_WARN__DUPLICATE_METHOD_MATCH = YES;
				CODE_SIGN_IDENTITY = "iPhone Developer";
				COPY_PHASE_STRIP = NO;
				DEBUG_INFORMATION_FORMAT = "dwarf-with-dsym";
				ENABLE_NS_ASSERTIONS = NO;
				ENABLE_STRICT_OBJC_MSGSEND = YES;
				GCC_C_LANGUAGE_STANDARD = gnu11;
				GCC_NO_COMMON_BLOCKS = YES;
				GCC_WARN_64_TO_32_BIT_CONVERSION = YES;
				GCC_WARN_ABOUT_RETURN_TYPE = YES_ERROR;
				GCC_WARN_UNDECLARED_SELECTOR = YES;
				GCC_WARN_UNINITIALIZED_AUTOS = YES_AGGRESSIVE;
				GCC_WARN_UNUSED_FUNCTION = YES;
				GCC_WARN_UNUSED_VARIABLE = YES;
				IPHONEOS_DEPLOYMENT_TARGET = 12.2;
				MTL_ENABLE_DEBUG_INFO = NO;
				MTL_FAST_MATH = YES;
				SDKROOT = iphoneos;
				SWIFT_COMPILATION_MODE = wholemodule;
				SWIFT_OPTIMIZATION_LEVEL = "-O";
				VALIDATE_PRODUCT = YES;
			};
			name = Release;
		};
		10A63CA0225E4CB400BEA745 /* Debug */ = {
			isa = XCBuildConfiguration;
			baseConfigurationReference = 9F3B8A6FE5C62CD13C021FCC /* Pods-PhotoAlbum.debug.xcconfig */;
			buildSettings = {
				ASSETCATALOG_COMPILER_APPICON_NAME = AppIcon;
				CODE_SIGN_STYLE = Automatic;
				INFOPLIST_FILE = PhotoAlbum/Info.plist;
				IPHONEOS_DEPLOYMENT_TARGET = 10.0;
				LD_RUNPATH_SEARCH_PATHS = (
					"$(inherited)",
					"@executable_path/Frameworks",
				);
				PRODUCT_BUNDLE_IDENTIFIER = com.torna.photoAlbum;
				PRODUCT_NAME = "$(TARGET_NAME)";
				SWIFT_VERSION = 5.0;
				TARGETED_DEVICE_FAMILY = 1;
			};
			name = Debug;
		};
		10A63CA1225E4CB400BEA745 /* Release */ = {
			isa = XCBuildConfiguration;
			baseConfigurationReference = C817A98AE9CD9503D8BC845E /* Pods-PhotoAlbum.release.xcconfig */;
			buildSettings = {
				ASSETCATALOG_COMPILER_APPICON_NAME = AppIcon;
				CODE_SIGN_STYLE = Automatic;
				INFOPLIST_FILE = PhotoAlbum/Info.plist;
				IPHONEOS_DEPLOYMENT_TARGET = 10.0;
				LD_RUNPATH_SEARCH_PATHS = (
					"$(inherited)",
					"@executable_path/Frameworks",
				);
				PRODUCT_BUNDLE_IDENTIFIER = com.torna.photoAlbum;
				PRODUCT_NAME = "$(TARGET_NAME)";
				SWIFT_VERSION = 5.0;
				TARGETED_DEVICE_FAMILY = 1;
			};
			name = Release;
		};
		10A63CA3225E4CB400BEA745 /* Debug */ = {
			isa = XCBuildConfiguration;
			buildSettings = {
				ALWAYS_EMBED_SWIFT_STANDARD_LIBRARIES = YES;
				BUNDLE_LOADER = "$(TEST_HOST)";
				CODE_SIGN_STYLE = Automatic;
				INFOPLIST_FILE = PhotoAlbumTests/Info.plist;
				LD_RUNPATH_SEARCH_PATHS = (
					"$(inherited)",
					"@executable_path/Frameworks",
					"@loader_path/Frameworks",
				);
				PRODUCT_BUNDLE_IDENTIFIER = com.torna.photoAlbum.PhotoAlbumTests;
				PRODUCT_NAME = "$(TARGET_NAME)";
				SWIFT_VERSION = 5.0;
				TARGETED_DEVICE_FAMILY = "1,2";
				TEST_HOST = "$(BUILT_PRODUCTS_DIR)/PhotoAlbum.app/PhotoAlbum";
			};
			name = Debug;
		};
		10A63CA4225E4CB400BEA745 /* Release */ = {
			isa = XCBuildConfiguration;
			buildSettings = {
				ALWAYS_EMBED_SWIFT_STANDARD_LIBRARIES = YES;
				BUNDLE_LOADER = "$(TEST_HOST)";
				CODE_SIGN_STYLE = Automatic;
				INFOPLIST_FILE = PhotoAlbumTests/Info.plist;
				LD_RUNPATH_SEARCH_PATHS = (
					"$(inherited)",
					"@executable_path/Frameworks",
					"@loader_path/Frameworks",
				);
				PRODUCT_BUNDLE_IDENTIFIER = com.torna.photoAlbum.PhotoAlbumTests;
				PRODUCT_NAME = "$(TARGET_NAME)";
				SWIFT_VERSION = 5.0;
				TARGETED_DEVICE_FAMILY = "1,2";
				TEST_HOST = "$(BUILT_PRODUCTS_DIR)/PhotoAlbum.app/PhotoAlbum";
			};
			name = Release;
		};
/* End XCBuildConfiguration section */

/* Begin XCConfigurationList section */
		10A63C7D225E4CB300BEA745 /* Build configuration list for PBXProject "PhotoAlbum" */ = {
			isa = XCConfigurationList;
			buildConfigurations = (
				10A63C9D225E4CB400BEA745 /* Debug */,
				10A63C9E225E4CB400BEA745 /* Release */,
			);
			defaultConfigurationIsVisible = 0;
			defaultConfigurationName = Release;
		};
		10A63C9F225E4CB400BEA745 /* Build configuration list for PBXNativeTarget "PhotoAlbum" */ = {
			isa = XCConfigurationList;
			buildConfigurations = (
				10A63CA0225E4CB400BEA745 /* Debug */,
				10A63CA1225E4CB400BEA745 /* Release */,
			);
			defaultConfigurationIsVisible = 0;
			defaultConfigurationName = Release;
		};
		10A63CA2225E4CB400BEA745 /* Build configuration list for PBXNativeTarget "PhotoAlbumTests" */ = {
			isa = XCConfigurationList;
			buildConfigurations = (
				10A63CA3225E4CB400BEA745 /* Debug */,
				10A63CA4225E4CB400BEA745 /* Release */,
			);
			defaultConfigurationIsVisible = 0;
			defaultConfigurationName = Release;
		};
/* End XCConfigurationList section */
	};
	rootObject = 10A63C7A225E4CB300BEA745 /* Project object */;
}
